// !$*UTF8*$!
{
	archiveVersion = 1;
	classes = {
	};
	objectVersion = 50;
	objects = {

/* Begin PBXBuildFile section */
		DC619F9F2533675A00A166B5 /* Tests_iOS.swift in Sources */ = {isa = PBXBuildFile; fileRef = DC619F9E2533675A00A166B5 /* Tests_iOS.swift */; };
		DC619FAA2533675A00A166B5 /* Tests_macOS.swift in Sources */ = {isa = PBXBuildFile; fileRef = DC619FA92533675A00A166B5 /* Tests_macOS.swift */; };
		DC619FAC2533675A00A166B5 /* TableReadApp.swift in Sources */ = {isa = PBXBuildFile; fileRef = DC619F822533675800A166B5 /* TableReadApp.swift */; };
		DC619FAD2533675A00A166B5 /* TableReadApp.swift in Sources */ = {isa = PBXBuildFile; fileRef = DC619F822533675800A166B5 /* TableReadApp.swift */; };
		DC619FAE2533675A00A166B5 /* TableReadDocument.swift in Sources */ = {isa = PBXBuildFile; fileRef = DC619F832533675800A166B5 /* TableReadDocument.swift */; };
		DC619FAF2533675A00A166B5 /* TableReadDocument.swift in Sources */ = {isa = PBXBuildFile; fileRef = DC619F832533675800A166B5 /* TableReadDocument.swift */; };
		DC619FB02533675A00A166B5 /* ContentView.swift in Sources */ = {isa = PBXBuildFile; fileRef = DC619F842533675800A166B5 /* ContentView.swift */; };
		DC619FB12533675A00A166B5 /* ContentView.swift in Sources */ = {isa = PBXBuildFile; fileRef = DC619F842533675800A166B5 /* ContentView.swift */; };
		DC619FB22533675A00A166B5 /* Assets.xcassets in Resources */ = {isa = PBXBuildFile; fileRef = DC619F852533675A00A166B5 /* Assets.xcassets */; };
		DC619FB32533675A00A166B5 /* Assets.xcassets in Resources */ = {isa = PBXBuildFile; fileRef = DC619F852533675A00A166B5 /* Assets.xcassets */; };
/* End PBXBuildFile section */

/* Begin PBXContainerItemProxy section */
		DC619F9B2533675A00A166B5 /* PBXContainerItemProxy */ = {
			isa = PBXContainerItemProxy;
			containerPortal = DC619F7D2533675800A166B5 /* Project object */;
			proxyType = 1;
			remoteGlobalIDString = DC619F892533675A00A166B5;
			remoteInfo = "TableRead (iOS)";
		};
		DC619FA62533675A00A166B5 /* PBXContainerItemProxy */ = {
			isa = PBXContainerItemProxy;
			containerPortal = DC619F7D2533675800A166B5 /* Project object */;
			proxyType = 1;
			remoteGlobalIDString = DC619F912533675A00A166B5;
			remoteInfo = "TableRead (macOS)";
		};
/* End PBXContainerItemProxy section */

/* Begin PBXFileReference section */
		DC619F822533675800A166B5 /* TableReadApp.swift */ = {isa = PBXFileReference; lastKnownFileType = sourcecode.swift; path = TableReadApp.swift; sourceTree = "<group>"; };
		DC619F832533675800A166B5 /* TableReadDocument.swift */ = {isa = PBXFileReference; lastKnownFileType = sourcecode.swift; path = TableReadDocument.swift; sourceTree = "<group>"; };
		DC619F842533675800A166B5 /* ContentView.swift */ = {isa = PBXFileReference; lastKnownFileType = sourcecode.swift; path = ContentView.swift; sourceTree = "<group>"; };
		DC619F852533675A00A166B5 /* Assets.xcassets */ = {isa = PBXFileReference; lastKnownFileType = folder.assetcatalog; path = Assets.xcassets; sourceTree = "<group>"; };
		DC619F8A2533675A00A166B5 /* TableRead.app */ = {isa = PBXFileReference; explicitFileType = wrapper.application; includeInIndex = 0; path = TableRead.app; sourceTree = BUILT_PRODUCTS_DIR; };
		DC619F8D2533675A00A166B5 /* Info.plist */ = {isa = PBXFileReference; lastKnownFileType = text.plist.xml; path = Info.plist; sourceTree = "<group>"; };
		DC619F922533675A00A166B5 /* TableRead.app */ = {isa = PBXFileReference; explicitFileType = wrapper.application; includeInIndex = 0; path = TableRead.app; sourceTree = BUILT_PRODUCTS_DIR; };
		DC619F942533675A00A166B5 /* Info.plist */ = {isa = PBXFileReference; lastKnownFileType = text.plist.xml; path = Info.plist; sourceTree = "<group>"; };
		DC619F952533675A00A166B5 /* macOS.entitlements */ = {isa = PBXFileReference; lastKnownFileType = text.plist.entitlements; path = macOS.entitlements; sourceTree = "<group>"; };
		DC619F9A2533675A00A166B5 /* Tests iOS.xctest */ = {isa = PBXFileReference; explicitFileType = wrapper.cfbundle; includeInIndex = 0; path = "Tests iOS.xctest"; sourceTree = BUILT_PRODUCTS_DIR; };
		DC619F9E2533675A00A166B5 /* Tests_iOS.swift */ = {isa = PBXFileReference; lastKnownFileType = sourcecode.swift; path = Tests_iOS.swift; sourceTree = "<group>"; };
		DC619FA02533675A00A166B5 /* Info.plist */ = {isa = PBXFileReference; lastKnownFileType = text.plist.xml; path = Info.plist; sourceTree = "<group>"; };
		DC619FA52533675A00A166B5 /* Tests macOS.xctest */ = {isa = PBXFileReference; explicitFileType = wrapper.cfbundle; includeInIndex = 0; path = "Tests macOS.xctest"; sourceTree = BUILT_PRODUCTS_DIR; };
		DC619FA92533675A00A166B5 /* Tests_macOS.swift */ = {isa = PBXFileReference; lastKnownFileType = sourcecode.swift; path = Tests_macOS.swift; sourceTree = "<group>"; };
		DC619FAB2533675A00A166B5 /* Info.plist */ = {isa = PBXFileReference; lastKnownFileType = text.plist.xml; path = Info.plist; sourceTree = "<group>"; };
/* End PBXFileReference section */

/* Begin PBXFrameworksBuildPhase section */
		DC619F872533675A00A166B5 /* Frameworks */ = {
			isa = PBXFrameworksBuildPhase;
			buildActionMask = 2147483647;
			files = (
			);
			runOnlyForDeploymentPostprocessing = 0;
		};
		DC619F8F2533675A00A166B5 /* Frameworks */ = {
			isa = PBXFrameworksBuildPhase;
			buildActionMask = 2147483647;
			files = (
			);
			runOnlyForDeploymentPostprocessing = 0;
		};
		DC619F972533675A00A166B5 /* Frameworks */ = {
			isa = PBXFrameworksBuildPhase;
			buildActionMask = 2147483647;
			files = (
			);
			runOnlyForDeploymentPostprocessing = 0;
		};
		DC619FA22533675A00A166B5 /* Frameworks */ = {
			isa = PBXFrameworksBuildPhase;
			buildActionMask = 2147483647;
			files = (
			);
			runOnlyForDeploymentPostprocessing = 0;
		};
/* End PBXFrameworksBuildPhase section */

/* Begin PBXGroup section */
		DC619F7C2533675800A166B5 = {
			isa = PBXGroup;
			children = (
				DC619F812533675800A166B5 /* Shared */,
				DC619F8C2533675A00A166B5 /* iOS */,
				DC619F932533675A00A166B5 /* macOS */,
				DC619F9D2533675A00A166B5 /* Tests iOS */,
				DC619FA82533675A00A166B5 /* Tests macOS */,
				DC619F8B2533675A00A166B5 /* Products */,
			);
			sourceTree = "<group>";
		};
		DC619F812533675800A166B5 /* Shared */ = {
			isa = PBXGroup;
			children = (
				DC619F822533675800A166B5 /* TableReadApp.swift */,
				DC619F832533675800A166B5 /* TableReadDocument.swift */,
				DC619F842533675800A166B5 /* ContentView.swift */,
				DC619F852533675A00A166B5 /* Assets.xcassets */,
			);
			path = Shared;
			sourceTree = "<group>";
		};
		DC619F8B2533675A00A166B5 /* Products */ = {
			isa = PBXGroup;
			children = (
				DC619F8A2533675A00A166B5 /* TableRead.app */,
				DC619F922533675A00A166B5 /* TableRead.app */,
				DC619F9A2533675A00A166B5 /* Tests iOS.xctest */,
				DC619FA52533675A00A166B5 /* Tests macOS.xctest */,
			);
			name = Products;
			sourceTree = "<group>";
		};
		DC619F8C2533675A00A166B5 /* iOS */ = {
			isa = PBXGroup;
			children = (
				DC619F8D2533675A00A166B5 /* Info.plist */,
			);
			path = iOS;
			sourceTree = "<group>";
		};
		DC619F932533675A00A166B5 /* macOS */ = {
			isa = PBXGroup;
			children = (
				DC619F942533675A00A166B5 /* Info.plist */,
				DC619F952533675A00A166B5 /* macOS.entitlements */,
			);
			path = macOS;
			sourceTree = "<group>";
		};
		DC619F9D2533675A00A166B5 /* Tests iOS */ = {
			isa = PBXGroup;
			children = (
				DC619F9E2533675A00A166B5 /* Tests_iOS.swift */,
				DC619FA02533675A00A166B5 /* Info.plist */,
			);
			path = "Tests iOS";
			sourceTree = "<group>";
		};
		DC619FA82533675A00A166B5 /* Tests macOS */ = {
			isa = PBXGroup;
			children = (
				DC619FA92533675A00A166B5 /* Tests_macOS.swift */,
				DC619FAB2533675A00A166B5 /* Info.plist */,
			);
			path = "Tests macOS";
			sourceTree = "<group>";
		};
/* End PBXGroup section */

/* Begin PBXNativeTarget section */
		DC619F892533675A00A166B5 /* TableRead (iOS) */ = {
			isa = PBXNativeTarget;
			buildConfigurationList = DC619FB62533675A00A166B5 /* Build configuration list for PBXNativeTarget "TableRead (iOS)" */;
			buildPhases = (
				DC619F862533675A00A166B5 /* Sources */,
				DC619F872533675A00A166B5 /* Frameworks */,
				DC619F882533675A00A166B5 /* Resources */,
			);
			buildRules = (
			);
			dependencies = (
			);
			name = "TableRead (iOS)";
			productName = "TableRead (iOS)";
			productReference = DC619F8A2533675A00A166B5 /* TableRead.app */;
			productType = "com.apple.product-type.application";
		};
		DC619F912533675A00A166B5 /* TableRead (macOS) */ = {
			isa = PBXNativeTarget;
			buildConfigurationList = DC619FB92533675A00A166B5 /* Build configuration list for PBXNativeTarget "TableRead (macOS)" */;
			buildPhases = (
				DC619F8E2533675A00A166B5 /* Sources */,
				DC619F8F2533675A00A166B5 /* Frameworks */,
				DC619F902533675A00A166B5 /* Resources */,
			);
			buildRules = (
			);
			dependencies = (
			);
			name = "TableRead (macOS)";
			productName = "TableRead (macOS)";
			productReference = DC619F922533675A00A166B5 /* TableRead.app */;
			productType = "com.apple.product-type.application";
		};
		DC619F992533675A00A166B5 /* Tests iOS */ = {
			isa = PBXNativeTarget;
			buildConfigurationList = DC619FBC2533675A00A166B5 /* Build configuration list for PBXNativeTarget "Tests iOS" */;
			buildPhases = (
				DC619F962533675A00A166B5 /* Sources */,
				DC619F972533675A00A166B5 /* Frameworks */,
				DC619F982533675A00A166B5 /* Resources */,
			);
			buildRules = (
			);
			dependencies = (
				DC619F9C2533675A00A166B5 /* PBXTargetDependency */,
			);
			name = "Tests iOS";
			productName = "Tests iOS";
			productReference = DC619F9A2533675A00A166B5 /* Tests iOS.xctest */;
			productType = "com.apple.product-type.bundle.ui-testing";
		};
		DC619FA42533675A00A166B5 /* Tests macOS */ = {
			isa = PBXNativeTarget;
			buildConfigurationList = DC619FBF2533675A00A166B5 /* Build configuration list for PBXNativeTarget "Tests macOS" */;
			buildPhases = (
				DC619FA12533675A00A166B5 /* Sources */,
				DC619FA22533675A00A166B5 /* Frameworks */,
				DC619FA32533675A00A166B5 /* Resources */,
			);
			buildRules = (
			);
			dependencies = (
				DC619FA72533675A00A166B5 /* PBXTargetDependency */,
			);
			name = "Tests macOS";
			productName = "Tests macOS";
			productReference = DC619FA52533675A00A166B5 /* Tests macOS.xctest */;
			productType = "com.apple.product-type.bundle.ui-testing";
		};
/* End PBXNativeTarget section */

/* Begin PBXProject section */
		DC619F7D2533675800A166B5 /* Project object */ = {
			isa = PBXProject;
			attributes = {
				LastSwiftUpdateCheck = 1220;
				LastUpgradeCheck = 1220;
				TargetAttributes = {
					DC619F892533675A00A166B5 = {
						CreatedOnToolsVersion = 12.2;
					};
					DC619F912533675A00A166B5 = {
						CreatedOnToolsVersion = 12.2;
					};
					DC619F992533675A00A166B5 = {
						CreatedOnToolsVersion = 12.2;
						TestTargetID = DC619F892533675A00A166B5;
					};
					DC619FA42533675A00A166B5 = {
						CreatedOnToolsVersion = 12.2;
						TestTargetID = DC619F912533675A00A166B5;
					};
				};
			};
			buildConfigurationList = DC619F802533675800A166B5 /* Build configuration list for PBXProject "TableRead" */;
			compatibilityVersion = "Xcode 9.3";
			developmentRegion = en;
			hasScannedForEncodings = 0;
			knownRegions = (
				en,
				Base,
			);
			mainGroup = DC619F7C2533675800A166B5;
			productRefGroup = DC619F8B2533675A00A166B5 /* Products */;
			projectDirPath = "";
			projectRoot = "";
			targets = (
				DC619F892533675A00A166B5 /* TableRead (iOS) */,
				DC619F912533675A00A166B5 /* TableRead (macOS) */,
				DC619F992533675A00A166B5 /* Tests iOS */,
				DC619FA42533675A00A166B5 /* Tests macOS */,
			);
		};
/* End PBXProject section */

/* Begin PBXResourcesBuildPhase section */
		DC619F882533675A00A166B5 /* Resources */ = {
			isa = PBXResourcesBuildPhase;
			buildActionMask = 2147483647;
			files = (
				DC619FB22533675A00A166B5 /* Assets.xcassets in Resources */,
			);
			runOnlyForDeploymentPostprocessing = 0;
		};
		DC619F902533675A00A166B5 /* Resources */ = {
			isa = PBXResourcesBuildPhase;
			buildActionMask = 2147483647;
			files = (
				DC619FB32533675A00A166B5 /* Assets.xcassets in Resources */,
			);
			runOnlyForDeploymentPostprocessing = 0;
		};
		DC619F982533675A00A166B5 /* Resources */ = {
			isa = PBXResourcesBuildPhase;
			buildActionMask = 2147483647;
			files = (
			);
			runOnlyForDeploymentPostprocessing = 0;
		};
		DC619FA32533675A00A166B5 /* Resources */ = {
			isa = PBXResourcesBuildPhase;
			buildActionMask = 2147483647;
			files = (
			);
			runOnlyForDeploymentPostprocessing = 0;
		};
/* End PBXResourcesBuildPhase section */

/* Begin PBXSourcesBuildPhase section */
		DC619F862533675A00A166B5 /* Sources */ = {
			isa = PBXSourcesBuildPhase;
			buildActionMask = 2147483647;
			files = (
				DC619FAC2533675A00A166B5 /* TableReadApp.swift in Sources */,
				DC619FAE2533675A00A166B5 /* TableReadDocument.swift in Sources */,
				DC619FB02533675A00A166B5 /* ContentView.swift in Sources */,
			);
			runOnlyForDeploymentPostprocessing = 0;
		};
		DC619F8E2533675A00A166B5 /* Sources */ = {
			isa = PBXSourcesBuildPhase;
			buildActionMask = 2147483647;
			files = (
				DC619FAD2533675A00A166B5 /* TableReadApp.swift in Sources */,
				DC619FAF2533675A00A166B5 /* TableReadDocument.swift in Sources */,
				DC619FB12533675A00A166B5 /* ContentView.swift in Sources */,
			);
			runOnlyForDeploymentPostprocessing = 0;
		};
		DC619F962533675A00A166B5 /* Sources */ = {
			isa = PBXSourcesBuildPhase;
			buildActionMask = 2147483647;
			files = (
				DC619F9F2533675A00A166B5 /* Tests_iOS.swift in Sources */,
			);
			runOnlyForDeploymentPostprocessing = 0;
		};
		DC619FA12533675A00A166B5 /* Sources */ = {
			isa = PBXSourcesBuildPhase;
			buildActionMask = 2147483647;
			files = (
				DC619FAA2533675A00A166B5 /* Tests_macOS.swift in Sources */,
			);
			runOnlyForDeploymentPostprocessing = 0;
		};
/* End PBXSourcesBuildPhase section */

/* Begin PBXTargetDependency section */
		DC619F9C2533675A00A166B5 /* PBXTargetDependency */ = {
			isa = PBXTargetDependency;
			target = DC619F892533675A00A166B5 /* TableRead (iOS) */;
			targetProxy = DC619F9B2533675A00A166B5 /* PBXContainerItemProxy */;
		};
		DC619FA72533675A00A166B5 /* PBXTargetDependency */ = {
			isa = PBXTargetDependency;
			target = DC619F912533675A00A166B5 /* TableRead (macOS) */;
			targetProxy = DC619FA62533675A00A166B5 /* PBXContainerItemProxy */;
		};
/* End PBXTargetDependency section */

/* Begin XCBuildConfiguration section */
		DC619FB42533675A00A166B5 /* Debug */ = {
			isa = XCBuildConfiguration;
			buildSettings = {
				ALWAYS_SEARCH_USER_PATHS = NO;
				CLANG_ANALYZER_NONNULL = YES;
				CLANG_ANALYZER_NUMBER_OBJECT_CONVERSION = YES_AGGRESSIVE;
				CLANG_CXX_LANGUAGE_STANDARD = "gnu++14";
				CLANG_CXX_LIBRARY = "libc++";
				CLANG_ENABLE_MODULES = YES;
				CLANG_ENABLE_OBJC_ARC = YES;
				CLANG_ENABLE_OBJC_WEAK = YES;
				CLANG_WARN_BLOCK_CAPTURE_AUTORELEASING = YES;
				CLANG_WARN_BOOL_CONVERSION = YES;
				CLANG_WARN_COMMA = YES;
				CLANG_WARN_CONSTANT_CONVERSION = YES;
				CLANG_WARN_DEPRECATED_OBJC_IMPLEMENTATIONS = YES;
				CLANG_WARN_DIRECT_OBJC_ISA_USAGE = YES_ERROR;
				CLANG_WARN_DOCUMENTATION_COMMENTS = YES;
				CLANG_WARN_EMPTY_BODY = YES;
				CLANG_WARN_ENUM_CONVERSION = YES;
				CLANG_WARN_INFINITE_RECURSION = YES;
				CLANG_WARN_INT_CONVERSION = YES;
				CLANG_WARN_NON_LITERAL_NULL_CONVERSION = YES;
				CLANG_WARN_OBJC_IMPLICIT_RETAIN_SELF = YES;
				CLANG_WARN_OBJC_LITERAL_CONVERSION = YES;
				CLANG_WARN_OBJC_ROOT_CLASS = YES_ERROR;
				CLANG_WARN_QUOTED_INCLUDE_IN_FRAMEWORK_HEADER = YES;
				CLANG_WARN_RANGE_LOOP_ANALYSIS = YES;
				CLANG_WARN_STRICT_PROTOTYPES = YES;
				CLANG_WARN_SUSPICIOUS_MOVE = YES;
				CLANG_WARN_UNGUARDED_AVAILABILITY = YES_AGGRESSIVE;
				CLANG_WARN_UNREACHABLE_CODE = YES;
				CLANG_WARN__DUPLICATE_METHOD_MATCH = YES;
				COPY_PHASE_STRIP = NO;
				DEBUG_INFORMATION_FORMAT = dwarf;
				ENABLE_STRICT_OBJC_MSGSEND = YES;
				ENABLE_TESTABILITY = YES;
				GCC_C_LANGUAGE_STANDARD = gnu11;
				GCC_DYNAMIC_NO_PIC = NO;
				GCC_NO_COMMON_BLOCKS = YES;
				GCC_OPTIMIZATION_LEVEL = 0;
				GCC_PREPROCESSOR_DEFINITIONS = (
					"DEBUG=1",
					"$(inherited)",
				);
				GCC_WARN_64_TO_32_BIT_CONVERSION = YES;
				GCC_WARN_ABOUT_RETURN_TYPE = YES_ERROR;
				GCC_WARN_UNDECLARED_SELECTOR = YES;
				GCC_WARN_UNINITIALIZED_AUTOS = YES_AGGRESSIVE;
				GCC_WARN_UNUSED_FUNCTION = YES;
				GCC_WARN_UNUSED_VARIABLE = YES;
				MTL_ENABLE_DEBUG_INFO = INCLUDE_SOURCE;
				MTL_FAST_MATH = YES;
				ONLY_ACTIVE_ARCH = YES;
				SWIFT_ACTIVE_COMPILATION_CONDITIONS = DEBUG;
				SWIFT_OPTIMIZATION_LEVEL = "-Onone";
			};
			name = Debug;
		};
		DC619FB52533675A00A166B5 /* Release */ = {
			isa = XCBuildConfiguration;
			buildSettings = {
				ALWAYS_SEARCH_USER_PATHS = NO;
				CLANG_ANALYZER_NONNULL = YES;
				CLANG_ANALYZER_NUMBER_OBJECT_CONVERSION = YES_AGGRESSIVE;
				CLANG_CXX_LANGUAGE_STANDARD = "gnu++14";
				CLANG_CXX_LIBRARY = "libc++";
				CLANG_ENABLE_MODULES = YES;
				CLANG_ENABLE_OBJC_ARC = YES;
				CLANG_ENABLE_OBJC_WEAK = YES;
				CLANG_WARN_BLOCK_CAPTURE_AUTORELEASING = YES;
				CLANG_WARN_BOOL_CONVERSION = YES;
				CLANG_WARN_COMMA = YES;
				CLANG_WARN_CONSTANT_CONVERSION = YES;
				CLANG_WARN_DEPRECATED_OBJC_IMPLEMENTATIONS = YES;
				CLANG_WARN_DIRECT_OBJC_ISA_USAGE = YES_ERROR;
				CLANG_WARN_DOCUMENTATION_COMMENTS = YES;
				CLANG_WARN_EMPTY_BODY = YES;
				CLANG_WARN_ENUM_CONVERSION = YES;
				CLANG_WARN_INFINITE_RECURSION = YES;
				CLANG_WARN_INT_CONVERSION = YES;
				CLANG_WARN_NON_LITERAL_NULL_CONVERSION = YES;
				CLANG_WARN_OBJC_IMPLICIT_RETAIN_SELF = YES;
				CLANG_WARN_OBJC_LITERAL_CONVERSION = YES;
				CLANG_WARN_OBJC_ROOT_CLASS = YES_ERROR;
				CLANG_WARN_QUOTED_INCLUDE_IN_FRAMEWORK_HEADER = YES;
				CLANG_WARN_RANGE_LOOP_ANALYSIS = YES;
				CLANG_WARN_STRICT_PROTOTYPES = YES;
				CLANG_WARN_SUSPICIOUS_MOVE = YES;
				CLANG_WARN_UNGUARDED_AVAILABILITY = YES_AGGRESSIVE;
				CLANG_WARN_UNREACHABLE_CODE = YES;
				CLANG_WARN__DUPLICATE_METHOD_MATCH = YES;
				COPY_PHASE_STRIP = NO;
				DEBUG_INFORMATION_FORMAT = "dwarf-with-dsym";
				ENABLE_NS_ASSERTIONS = NO;
				ENABLE_STRICT_OBJC_MSGSEND = YES;
				GCC_C_LANGUAGE_STANDARD = gnu11;
				GCC_NO_COMMON_BLOCKS = YES;
				GCC_WARN_64_TO_32_BIT_CONVERSION = YES;
				GCC_WARN_ABOUT_RETURN_TYPE = YES_ERROR;
				GCC_WARN_UNDECLARED_SELECTOR = YES;
				GCC_WARN_UNINITIALIZED_AUTOS = YES_AGGRESSIVE;
				GCC_WARN_UNUSED_FUNCTION = YES;
				GCC_WARN_UNUSED_VARIABLE = YES;
				MTL_ENABLE_DEBUG_INFO = NO;
				MTL_FAST_MATH = YES;
				SWIFT_COMPILATION_MODE = wholemodule;
				SWIFT_OPTIMIZATION_LEVEL = "-O";
			};
			name = Release;
		};
		DC619FB72533675A00A166B5 /* Debug */ = {
			isa = XCBuildConfiguration;
			buildSettings = {
				ASSETCATALOG_COMPILER_APPICON_NAME = AppIcon;
				ASSETCATALOG_COMPILER_GLOBAL_ACCENT_COLOR_NAME = AccentColor;
				CODE_SIGN_STYLE = Automatic;
				DEVELOPMENT_TEAM = WRNM3984BA;
				ENABLE_PREVIEWS = YES;
				INFOPLIST_FILE = iOS/Info.plist;
				IPHONEOS_DEPLOYMENT_TARGET = 14.0;
				LD_RUNPATH_SEARCH_PATHS = (
					"$(inherited)",
					"@executable_path/Frameworks",
				);
				PRODUCT_BUNDLE_IDENTIFIER = com.ncategory.TableRead;
				PRODUCT_NAME = TableRead;
				SDKROOT = iphoneos;
				SWIFT_VERSION = 5.0;
				TARGETED_DEVICE_FAMILY = "1,2";
			};
			name = Debug;
		};
		DC619FB82533675A00A166B5 /* Release */ = {
			isa = XCBuildConfiguration;
			buildSettings = {
				ASSETCATALOG_COMPILER_APPICON_NAME = AppIcon;
				ASSETCATALOG_COMPILER_GLOBAL_ACCENT_COLOR_NAME = AccentColor;
				CODE_SIGN_STYLE = Automatic;
				DEVELOPMENT_TEAM = WRNM3984BA;
				ENABLE_PREVIEWS = YES;
				INFOPLIST_FILE = iOS/Info.plist;
				IPHONEOS_DEPLOYMENT_TARGET = 14.0;
				LD_RUNPATH_SEARCH_PATHS = (
					"$(inherited)",
					"@executable_path/Frameworks",
				);
				PRODUCT_BUNDLE_IDENTIFIER = com.ncategory.TableRead;
				PRODUCT_NAME = TableRead;
				SDKROOT = iphoneos;
				SWIFT_VERSION = 5.0;
				TARGETED_DEVICE_FAMILY = "1,2";
				VALIDATE_PRODUCT = YES;
			};
			name = Release;
		};
		DC619FBA2533675A00A166B5 /* Debug */ = {
			isa = XCBuildConfiguration;
			buildSettings = {
				ASSETCATALOG_COMPILER_APPICON_NAME = AppIcon;
				ASSETCATALOG_COMPILER_GLOBAL_ACCENT_COLOR_NAME = AccentColor;
				CODE_SIGN_ENTITLEMENTS = macOS/macOS.entitlements;
				CODE_SIGN_STYLE = Automatic;
				COMBINE_HIDPI_IMAGES = YES;
				DEVELOPMENT_TEAM = WRNM3984BA;
				ENABLE_HARDENED_RUNTIME = YES;
				ENABLE_PREVIEWS = YES;
				INFOPLIST_FILE = macOS/Info.plist;
				LD_RUNPATH_SEARCH_PATHS = (
					"$(inherited)",
					"@executable_path/../Frameworks",
				);
				MACOSX_DEPLOYMENT_TARGET = 11.0;
				PRODUCT_BUNDLE_IDENTIFIER = com.ncategory.TableRead;
				PRODUCT_NAME = TableRead;
				SDKROOT = macosx;
				SWIFT_VERSION = 5.0;
			};
			name = Debug;
		};
		DC619FBB2533675A00A166B5 /* Release */ = {
			isa = XCBuildConfiguration;
			buildSettings = {
				ASSETCATALOG_COMPILER_APPICON_NAME = AppIcon;
				ASSETCATALOG_COMPILER_GLOBAL_ACCENT_COLOR_NAME = AccentColor;
				CODE_SIGN_ENTITLEMENTS = macOS/macOS.entitlements;
				CODE_SIGN_STYLE = Automatic;
				COMBINE_HIDPI_IMAGES = YES;
				DEVELOPMENT_TEAM = WRNM3984BA;
				ENABLE_HARDENED_RUNTIME = YES;
				ENABLE_PREVIEWS = YES;
				INFOPLIST_FILE = macOS/Info.plist;
				LD_RUNPATH_SEARCH_PATHS = (
					"$(inherited)",
					"@executable_path/../Frameworks",
				);
				MACOSX_DEPLOYMENT_TARGET = 11.0;
				PRODUCT_BUNDLE_IDENTIFIER = com.ncategory.TableRead;
				PRODUCT_NAME = TableRead;
				SDKROOT = macosx;
				SWIFT_VERSION = 5.0;
			};
			name = Release;
		};
		DC619FBD2533675A00A166B5 /* Debug */ = {
			isa = XCBuildConfiguration;
			buildSettings = {
				ALWAYS_EMBED_SWIFT_STANDARD_LIBRARIES = YES;
				CODE_SIGN_STYLE = Automatic;
				DEVELOPMENT_TEAM = WRNM3984BA;
				INFOPLIST_FILE = "Tests iOS/Info.plist";
				IPHONEOS_DEPLOYMENT_TARGET = 14.2;
				LD_RUNPATH_SEARCH_PATHS = (
					"$(inherited)",
					"@executable_path/Frameworks",
					"@loader_path/Frameworks",
				);
				PRODUCT_BUNDLE_IDENTIFIER = "com.ncategory.Tests-iOS";
				PRODUCT_NAME = "$(TARGET_NAME)";
				SDKROOT = iphoneos;
				SWIFT_VERSION = 5.0;
				TARGETED_DEVICE_FAMILY = "1,2";
				TEST_TARGET_NAME = "TableRead (iOS)";
			};
			name = Debug;
		};
		DC619FBE2533675A00A166B5 /* Release */ = {
			isa = XCBuildConfiguration;
			buildSettings = {
				ALWAYS_EMBED_SWIFT_STANDARD_LIBRARIES = YES;
				CODE_SIGN_STYLE = Automatic;
				DEVELOPMENT_TEAM = WRNM3984BA;
				INFOPLIST_FILE = "Tests iOS/Info.plist";
				IPHONEOS_DEPLOYMENT_TARGET = 14.2;
				LD_RUNPATH_SEARCH_PATHS = (
					"$(inherited)",
					"@executable_path/Frameworks",
					"@loader_path/Frameworks",
				);
				PRODUCT_BUNDLE_IDENTIFIER = "com.ncategory.Tests-iOS";
				PRODUCT_NAME = "$(TARGET_NAME)";
				SDKROOT = iphoneos;
				SWIFT_VERSION = 5.0;
				TARGETED_DEVICE_FAMILY = "1,2";
				TEST_TARGET_NAME = "TableRead (iOS)";
				VALIDATE_PRODUCT = YES;
			};
			name = Release;
		};
		DC619FC02533675A00A166B5 /* Debug */ = {
			isa = XCBuildConfiguration;
			buildSettings = {
				ALWAYS_EMBED_SWIFT_STANDARD_LIBRARIES = YES;
				CODE_SIGN_STYLE = Automatic;
				COMBINE_HIDPI_IMAGES = YES;
				DEVELOPMENT_TEAM = WRNM3984BA;
				INFOPLIST_FILE = "Tests macOS/Info.plist";
				LD_RUNPATH_SEARCH_PATHS = (
					"$(inherited)",
					"@executable_path/../Frameworks",
					"@loader_path/../Frameworks",
				);
				MACOSX_DEPLOYMENT_TARGET = 11.0;
				PRODUCT_BUNDLE_IDENTIFIER = "com.ncategory.Tests-macOS";
				PRODUCT_NAME = "$(TARGET_NAME)";
				SDKROOT = macosx;
				SWIFT_VERSION = 5.0;
				TEST_TARGET_NAME = "TableRead (macOS)";
			};
			name = Debug;
		};
		DC619FC12533675A00A166B5 /* Release */ = {
			isa = XCBuildConfiguration;
			buildSettings = {
				ALWAYS_EMBED_SWIFT_STANDARD_LIBRARIES = YES;
				CODE_SIGN_STYLE = Automatic;
				COMBINE_HIDPI_IMAGES = YES;
				DEVELOPMENT_TEAM = WRNM3984BA;
				INFOPLIST_FILE = "Tests macOS/Info.plist";
				LD_RUNPATH_SEARCH_PATHS = (
					"$(inherited)",
					"@executable_path/../Frameworks",
					"@loader_path/../Frameworks",
				);
				MACOSX_DEPLOYMENT_TARGET = 11.0;
				PRODUCT_BUNDLE_IDENTIFIER = "com.ncategory.Tests-macOS";
				PRODUCT_NAME = "$(TARGET_NAME)";
				SDKROOT = macosx;
				SWIFT_VERSION = 5.0;
				TEST_TARGET_NAME = "TableRead (macOS)";
			};
			name = Release;
		};
/* End XCBuildConfiguration section */

/* Begin XCConfigurationList section */
		DC619F802533675800A166B5 /* Build configuration list for PBXProject "TableRead" */ = {
			isa = XCConfigurationList;
			buildConfigurations = (
				DC619FB42533675A00A166B5 /* Debug */,
				DC619FB52533675A00A166B5 /* Release */,
			);
			defaultConfigurationIsVisible = 0;
			defaultConfigurationName = Release;
		};
		DC619FB62533675A00A166B5 /* Build configuration list for PBXNativeTarget "TableRead (iOS)" */ = {
			isa = XCConfigurationList;
			buildConfigurations = (
				DC619FB72533675A00A166B5 /* Debug */,
				DC619FB82533675A00A166B5 /* Release */,
			);
			defaultConfigurationIsVisible = 0;
			defaultConfigurationName = Release;
		};
		DC619FB92533675A00A166B5 /* Build configuration list for PBXNativeTarget "TableRead (macOS)" */ = {
			isa = XCConfigurationList;
			buildConfigurations = (
				DC619FBA2533675A00A166B5 /* Debug */,
				DC619FBB2533675A00A166B5 /* Release */,
			);
			defaultConfigurationIsVisible = 0;
			defaultConfigurationName = Release;
		};
		DC619FBC2533675A00A166B5 /* Build configuration list for PBXNativeTarget "Tests iOS" */ = {
			isa = XCConfigurationList;
			buildConfigurations = (
				DC619FBD2533675A00A166B5 /* Debug */,
				DC619FBE2533675A00A166B5 /* Release */,
			);
			defaultConfigurationIsVisible = 0;
			defaultConfigurationName = Release;
		};
		DC619FBF2533675A00A166B5 /* Build configuration list for PBXNativeTarget "Tests macOS" */ = {
			isa = XCConfigurationList;
			buildConfigurations = (
				DC619FC02533675A00A166B5 /* Debug */,
				DC619FC12533675A00A166B5 /* Release */,
			);
			defaultConfigurationIsVisible = 0;
			defaultConfigurationName = Release;
		};
/* End XCConfigurationList section */
	};
	rootObject = DC619F7D2533675800A166B5 /* Project object */;
}
